// !$*UTF8*$!
{
	archiveVersion = 1;
	classes = {
	};
	objectVersion = 46;
	objects = {

/* Begin PBXBuildFile section */
		6302EAC91B97A6DB00CC3581 /* AppDelegate.swift in Sources */ = {isa = PBXBuildFile; fileRef = 6302EAC81B97A6DB00CC3581 /* AppDelegate.swift */; };
		6302EACB1B97A6DB00CC3581 /* ViewController.swift in Sources */ = {isa = PBXBuildFile; fileRef = 6302EACA1B97A6DB00CC3581 /* ViewController.swift */; };
		6302EACE1B97A6DB00CC3581 /* Main.storyboard in Resources */ = {isa = PBXBuildFile; fileRef = 6302EACC1B97A6DB00CC3581 /* Main.storyboard */; };
		6302EAD01B97A6DB00CC3581 /* Assets.xcassets in Resources */ = {isa = PBXBuildFile; fileRef = 6302EACF1B97A6DB00CC3581 /* Assets.xcassets */; };
		6302EAD31B97A6DB00CC3581 /* LaunchScreen.storyboard in Resources */ = {isa = PBXBuildFile; fileRef = 6302EAD11B97A6DB00CC3581 /* LaunchScreen.storyboard */; };
/* End PBXBuildFile section */

/* Begin PBXFileReference section */
		6302EAC51B97A6DB00CC3581 /* Times Table.app */ = {isa = PBXFileReference; explicitFileType = wrapper.application; includeInIndex = 0; path = "Times Table.app"; sourceTree = BUILT_PRODUCTS_DIR; };
		6302EAC81B97A6DB00CC3581 /* AppDelegate.swift */ = {isa = PBXFileReference; lastKnownFileType = sourcecode.swift; path = AppDelegate.swift; sourceTree = "<group>"; };
		6302EACA1B97A6DB00CC3581 /* ViewController.swift */ = {isa = PBXFileReference; lastKnownFileType = sourcecode.swift; path = ViewController.swift; sourceTree = "<group>"; };
		6302EACD1B97A6DB00CC3581 /* Base */ = {isa = PBXFileReference; lastKnownFileType = file.storyboard; name = Base; path = Base.lproj/Main.storyboard; sourceTree = "<group>"; };
		6302EACF1B97A6DB00CC3581 /* Assets.xcassets */ = {isa = PBXFileReference; lastKnownFileType = folder.assetcatalog; path = Assets.xcassets; sourceTree = "<group>"; };
		6302EAD21B97A6DB00CC3581 /* Base */ = {isa = PBXFileReference; lastKnownFileType = file.storyboard; name = Base; path = Base.lproj/LaunchScreen.storyboard; sourceTree = "<group>"; };
		6302EAD41B97A6DB00CC3581 /* Info.plist */ = {isa = PBXFileReference; lastKnownFileType = text.plist.xml; path = Info.plist; sourceTree = "<group>"; };
/* End PBXFileReference section */

/* Begin PBXFrameworksBuildPhase section */
		6302EAC21B97A6DB00CC3581 /* Frameworks */ = {
			isa = PBXFrameworksBuildPhase;
			buildActionMask = 2147483647;
			files = (
			);
			runOnlyForDeploymentPostprocessing = 0;
		};
/* End PBXFrameworksBuildPhase section */

/* Begin PBXGroup section */
		6302EABC1B97A6DB00CC3581 = {
			isa = PBXGroup;
			children = (
				6302EAC71B97A6DB00CC3581 /* Times Table */,
				6302EAC61B97A6DB00CC3581 /* Products */,
			);
			sourceTree = "<group>";
		};
		6302EAC61B97A6DB00CC3581 /* Products */ = {
			isa = PBXGroup;
			children = (
				6302EAC51B97A6DB00CC3581 /* Times Table.app */,
			);
			name = Products;
			sourceTree = "<group>";
		};
		6302EAC71B97A6DB00CC3581 /* Times Table */ = {
			isa = PBXGroup;
			children = (
				6302EAC81B97A6DB00CC3581 /* AppDelegate.swift */,
				6302EACA1B97A6DB00CC3581 /* ViewController.swift */,
				6302EACC1B97A6DB00CC3581 /* Main.storyboard */,
				6302EACF1B97A6DB00CC3581 /* Assets.xcassets */,
				6302EAD11B97A6DB00CC3581 /* LaunchScreen.storyboard */,
				6302EAD41B97A6DB00CC3581 /* Info.plist */,
			);
			path = "Times Table";
			sourceTree = "<group>";
		};
/* End PBXGroup section */

/* Begin PBXNativeTarget section */
		6302EAC41B97A6DB00CC3581 /* Times Table */ = {
			isa = PBXNativeTarget;
			buildConfigurationList = 6302EAD71B97A6DB00CC3581 /* Build configuration list for PBXNativeTarget "Times Table" */;
			buildPhases = (
				6302EAC11B97A6DB00CC3581 /* Sources */,
				6302EAC21B97A6DB00CC3581 /* Frameworks */,
				6302EAC31B97A6DB00CC3581 /* Resources */,
			);
			buildRules = (
			);
			dependencies = (
			);
			name = "Times Table";
			productName = "Times Table";
			productReference = 6302EAC51B97A6DB00CC3581 /* Times Table.app */;
			productType = "com.apple.product-type.application";
		};
/* End PBXNativeTarget section */

/* Begin PBXProject section */
		6302EABD1B97A6DB00CC3581 /* Project object */ = {
			isa = PBXProject;
			attributes = {
				LastUpgradeCheck = 0700;
				ORGANIZATIONNAME = "Elite Technical Care LLC";
				TargetAttributes = {
					6302EAC41B97A6DB00CC3581 = {
						CreatedOnToolsVersion = 7.0;
					};
				};
			};
			buildConfigurationList = 6302EAC01B97A6DB00CC3581 /* Build configuration list for PBXProject "Times Table" */;
			compatibilityVersion = "Xcode 3.2";
			developmentRegion = English;
			hasScannedForEncodings = 0;
			knownRegions = (
				en,
				Base,
			);
			mainGroup = 6302EABC1B97A6DB00CC3581;
			productRefGroup = 6302EAC61B97A6DB00CC3581 /* Products */;
			projectDirPath = "";
			projectRoot = "";
			targets = (
				6302EAC41B97A6DB00CC3581 /* Times Table */,
			);
		};
/* End PBXProject section */

/* Begin PBXResourcesBuildPhase section */
		6302EAC31B97A6DB00CC3581 /* Resources */ = {
			isa = PBXResourcesBuildPhase;
			buildActionMask = 2147483647;
			files = (
				6302EAD31B97A6DB00CC3581 /* LaunchScreen.storyboard in Resources */,
				6302EAD01B97A6DB00CC3581 /* Assets.xcassets in Resources */,
				6302EACE1B97A6DB00CC3581 /* Main.storyboard in Resources */,
			);
			runOnlyForDeploymentPostprocessing = 0;
		};
/* End PBXResourcesBuildPhase section */

/* Begin PBXSourcesBuildPhase section */
		6302EAC11B97A6DB00CC3581 /* Sources */ = {
			isa = PBXSourcesBuildPhase;
			buildActionMask = 2147483647;
			files = (
				6302EACB1B97A6DB00CC3581 /* ViewController.swift in Sources */,
				6302EAC91B97A6DB00CC3581 /* AppDelegate.swift in Sources */,
			);
			runOnlyForDeploymentPostprocessing = 0;
		};
/* End PBXSourcesBuildPhase section */

/* Begin PBXVariantGroup section */
		6302EACC1B97A6DB00CC3581 /* Main.storyboard */ = {
			isa = PBXVariantGroup;
			children = (
				6302EACD1B97A6DB00CC3581 /* Base */,
			);
			name = Main.storyboard;
			sourceTree = "<group>";
		};
		6302EAD11B97A6DB00CC3581 /* LaunchScreen.storyboard */ = {
			isa = PBXVariantGroup;
			children = (
				6302EAD21B97A6DB00CC3581 /* Base */,
			);
			name = LaunchScreen.storyboard;
			sourceTree = "<group>";
		};
/* End PBXVariantGroup section */

/* Begin XCBuildConfiguration section */
		6302EAD51B97A6DB00CC3581 /* Debug */ = {
			isa = XCBuildConfiguration;
			buildSettings = {
				ALWAYS_SEARCH_USER_PATHS = NO;
				CLANG_CXX_LANGUAGE_STANDARD = "gnu++0x";
				CLANG_CXX_LIBRARY = "libc++";
				CLANG_ENABLE_MODULES = YES;
				CLANG_ENABLE_OBJC_ARC = YES;
				CLANG_WARN_BOOL_CONVERSION = YES;
				CLANG_WARN_CONSTANT_CONVERSION = YES;
				CLANG_WARN_DIRECT_OBJC_ISA_USAGE = YES_ERROR;
				CLANG_WARN_EMPTY_BODY = YES;
				CLANG_WARN_ENUM_CONVERSION = YES;
				CLANG_WARN_INT_CONVERSION = YES;
				CLANG_WARN_OBJC_ROOT_CLASS = YES_ERROR;
				CLANG_WARN_UNREACHABLE_CODE = YES;
				CLANG_WARN__DUPLICATE_METHOD_MATCH = YES;
				"CODE_SIGN_IDENTITY[sdk=iphoneos*]" = "iPhone Developer";
				COPY_PHASE_STRIP = NO;
				DEBUG_INFORMATION_FORMAT = dwarf;
				ENABLE_STRICT_OBJC_MSGSEND = YES;
				ENABLE_TESTABILITY = YES;
				GCC_C_LANGUAGE_STANDARD = gnu99;
				GCC_DYNAMIC_NO_PIC = NO;
				GCC_NO_COMMON_BLOCKS = YES;
				GCC_OPTIMIZATION_LEVEL = 0;
				GCC_PREPROCESSOR_DEFINITIONS = (
					"DEBUG=1",
					"$(inherited)",
				);
				GCC_WARN_64_TO_32_BIT_CONVERSION = YES;
				GCC_WARN_ABOUT_RETURN_TYPE = YES_ERROR;
				GCC_WARN_UNDECLARED_SELECTOR = YES;
				GCC_WARN_UNINITIALIZED_AUTOS = YES_AGGRESSIVE;
				GCC_WARN_UNUSED_FUNCTION = YES;
				GCC_WARN_UNUSED_VARIABLE = YES;
				IPHONEOS_DEPLOYMENT_TARGET = 9.0;
				MTL_ENABLE_DEBUG_INFO = YES;
				ONLY_ACTIVE_ARCH = YES;
				SDKROOT = iphoneos;
				SWIFT_OPTIMIZATION_LEVEL = "-Onone";
			};
			name = Debug;
		};
		6302EAD61B97A6DB00CC3581 /* Release */ = {
			isa = XCBuildConfiguration;
			buildSettings = {
				ALWAYS_SEARCH_USER_PATHS = NO;
				CLANG_CXX_LANGUAGE_STANDARD = "gnu++0x";
				CLANG_CXX_LIBRARY = "libc++";
				CLANG_ENABLE_MODULES = YES;
				CLANG_ENABLE_OBJC_ARC = YES;
				CLANG_WARN_BOOL_CONVERSION = YES;
				CLANG_WARN_CONSTANT_CONVERSION = YES;
				CLANG_WARN_DIRECT_OBJC_ISA_USAGE = YES_ERROR;
				CLANG_WARN_EMPTY_BODY = YES;
				CLANG_WARN_ENUM_CONVERSION = YES;
				CLANG_WARN_INT_CONVERSION = YES;
				CLANG_WARN_OBJC_ROOT_CLASS = YES_ERROR;
				CLANG_WARN_UNREACHABLE_CODE = YES;
				CLANG_WARN__DUPLICATE_METHOD_MATCH = YES;
				"CODE_SIGN_IDENTITY[sdk=iphoneos*]" = "iPhone Developer";
				COPY_PHASE_STRIP = NO;
				DEBUG_INFORMATION_FORMAT = "dwarf-with-dsym";
				ENABLE_NS_ASSERTIONS = NO;
				ENABLE_STRICT_OBJC_MSGSEND = YES;
				GCC_C_LANGUAGE_STANDARD = gnu99;
				GCC_NO_COMMON_BLOCKS = YES;
				GCC_WARN_64_TO_32_BIT_CONVERSION = YES;
				GCC_WARN_ABOUT_RETURN_TYPE = YES_ERROR;
				GCC_WARN_UNDECLARED_SELECTOR = YES;
				GCC_WARN_UNINITIALIZED_AUTOS = YES_AGGRESSIVE;
				GCC_WARN_UNUSED_FUNCTION = YES;
				GCC_WARN_UNUSED_VARIABLE = YES;
				IPHONEOS_DEPLOYMENT_TARGET = 9.0;
				MTL_ENABLE_DEBUG_INFO = NO;
				SDKROOT = iphoneos;
				VALIDATE_PRODUCT = YES;
			};
			name = Release;
		};
		6302EAD81B97A6DB00CC3581 /* Debug */ = {
			isa = XCBuildConfiguration;
			buildSettings = {
				ASSETCATALOG_COMPILER_APPICON_NAME = AppIcon;
				INFOPLIST_FILE = "Times Table/Info.plist";
				LD_RUNPATH_SEARCH_PATHS = "$(inherited) @executable_path/Frameworks";
				PRODUCT_BUNDLE_IDENTIFIER = "com.etc.Times-Table";
				PRODUCT_NAME = "$(TARGET_NAME)";
			};
			name = Debug;
		};
		6302EAD91B97A6DB00CC3581 /* Release */ = {
			isa = XCBuildConfiguration;
			buildSettings = {
				ASSETCATALOG_COMPILER_APPICON_NAME = AppIcon;
				INFOPLIST_FILE = "Times Table/Info.plist";
				LD_RUNPATH_SEARCH_PATHS = "$(inherited) @executable_path/Frameworks";
				PRODUCT_BUNDLE_IDENTIFIER = "com.etc.Times-Table";
				PRODUCT_NAME = "$(TARGET_NAME)";
			};
			name = Release;
		};
/* End XCBuildConfiguration section */

/* Begin XCConfigurationList section */
		6302EAC01B97A6DB00CC3581 /* Build configuration list for PBXProject "Times Table" */ = {
			isa = XCConfigurationList;
			buildConfigurations = (
				6302EAD51B97A6DB00CC3581 /* Debug */,
				6302EAD61B97A6DB00CC3581 /* Release */,
			);
			defaultConfigurationIsVisible = 0;
			defaultConfigurationName = Release;
		};
		6302EAD71B97A6DB00CC3581 /* Build configuration list for PBXNativeTarget "Times Table" */ = {
			isa = XCConfigurationList;
			buildConfigurations = (
				6302EAD81B97A6DB00CC3581 /* Debug */,
				6302EAD91B97A6DB00CC3581 /* Release */,
			);
			defaultConfigurationIsVisible = 0;
		};
/* End XCConfigurationList section */
	};
	rootObject = 6302EABD1B97A6DB00CC3581 /* Project object */;
}
